{
  "name": "@potok/react.front",
  "version": "0.0.1",
  "lockfileVersion": 3,
  "requires": true,
  "packages": {
    "": {
      "name": "@potok/react.front",
      "version": "0.0.1",
      "dependencies": {
        "@potok/react.front": "file:"
      }
    },
    "node_modules/@potok/react.front": {
      "resolved": "",
      "link": true
    }
  }
}
