{
  "name": "@potok/nest.persistence",
  "version": "0.0.1",
  "lockfileVersion": 3,
  "requires": true,
  "packages": {
    "": {
      "name": "@potok/nest.persistence",
      "version": "0.0.1",
      "dependencies": {
        "@potok/nest.persistence": "file:"
      }
    },
    "node_modules/@potok/nest.persistence": {
      "resolved": "",
      "link": true
    }
  }
}
